
Microsoft Visual Studio Solution File, Format Version 12.00
# Visual Studio 15
Project("{FAE04EC0-301F-11D3-BF4B-00C04F79EFBC}") = "clickmedic", "clickmedic\clickmedic.csproj", "{C508346D-3AFC-40AC-8766-B95115F06FEC}"
EndProject
Global
	GlobalSection(SolutionConfigurationPlatforms) = preSolution
		Debug|Any CPU = Debug|Any CPU
		Release|Any CPU = Release|Any CPU
	EndGlobalSection
	GlobalSection(ProjectConfigurationPlatforms) = postSolution
		{C508346D-3AFC-40AC-8766-B95115F06FEC}.Debug|Any CPU.ActiveCfg = Debug|Any CPU
		{C508346D-3AFC-40AC-8766-B95115F06FEC}.Debug|Any CPU.Build.0 = Debug|Any CPU
		{C508346D-3AFC-40AC-8766-B95115F06FEC}.Release|Any CPU.ActiveCfg = Release|Any CPU
		{C508346D-3AFC-40AC-8766-B95115F06FEC}.Release|Any CPU.Build.0 = Release|Any CPU
	EndGlobalSection
EndGlobal
